{
  "lockfileVersion": 1,
  "configVersion": 1,
  "workspaces": {
    "": {
      "name": "gloves-workspace",
    },
    "packages/gloves-client": {
      "name": "@gloves/mcp-client",
      "version": "0.1.1",
    },
    "packages/gloves-openclaw": {
      "name": "@gloves/openclaw",
      "version": "0.1.1",
      "dependencies": {
        "@gloves/mcp-client": "workspace:*",
      },
    },
  },
  "packages": {
    "@gloves/mcp-client": ["@gloves/mcp-client@workspace:packages/gloves-client"],

    "@gloves/openclaw": ["@gloves/openclaw@workspace:packages/gloves-openclaw"],
  }
}
